{
  "version": 4,
  "terraform_version": "1.9.4",
  "serial": 11,
  "lineage": "2df8c757-1dd4-3350-5541-806e98531924",
  "outputs": {
    "key_data": {
      "value": "ssh-rsa AAAAB3NzaC1yc2EAAAADAQABAAABgQC+QyeP0uDxnY6pLaUBU1f97t8rlsurdGDCYao9FL32eoVyxwdOYQ+dHdV4fhxP8ATkDguVdkwhLBneXdypDvSUzPzJ1uTO199+lRiZqD8wzkUSlnPKqOreukrk9Ox6wmQxf+i9cdqYL8Heq4uOz9b8sZjs089zV7AgnOKKgrU9sgAQGBeIxiHKxXwxtHJkykVnajbI232jJvHOtVzTQtLdWpvUoG7I425GQYunPlhlcK/Byy8zKqnM5FEI42CQzIiBbzeWrYa8KLp9IAzAJaU8srdWjawMVKxJwBKPLzu6BUI6kBBGiIP46YNzFkS+dcosX40YrDD0Q01y9hDEvLiKVbFD5aKPrFX/uwe/0Rh91grqiGfaDPt3ijGYcf6zDQKqy7jtZWXNYrzwU+4H7JNx3n9JTotL+74I/EyxEx7cBEHCiEnxlgdNmu3ufiB71TLL4rggBla+oG0PBTIo+n1GFdXRsVtcScPysP1+HdOUDQsjb76sB+4Lf26WNoWA72k= generated-by-azure",
      "type": "string"
    },
    "kubernetes_cluster_name": {
      "value": "cluster-relieved-viper",
      "type": "string"
    },
    "resource_group_name": {
      "value": "rg-beloved-robin",
      "type": "string"
    }
  },
  "resources": [
    {
      "mode": "managed",
      "type": "azapi_resource",
      "name": "ssh_public_key",
      "provider": "provider[\"registry.terraform.io/azure/azapi\"]",
      "instances": [
        {
          "schema_version": 1,
          "attributes": {
            "body": {
              "value": "{}",
              "type": "string"
            },
            "id": "/subscriptions/7d10bde8-0544-4287-931a-3735801d7d07/resourceGroups/rg-beloved-robin/providers/Microsoft.Compute/sshPublicKeys/sshhonestlamb",
            "identity": [],
            "ignore_body_changes": null,
            "ignore_casing": false,
            "ignore_missing_property": true,
            "location": "westus",
            "locks": null,
            "name": "sshhonestlamb",
            "output": {
              "value": "{}",
              "type": "string"
            },
            "parent_id": "/subscriptions/7d10bde8-0544-4287-931a-3735801d7d07/resourceGroups/rg-beloved-robin",
            "removing_special_chars": false,
            "response_export_values": null,
            "schema_validation_enabled": true,
            "tags": null,
            "timeouts": null,
            "type": "Microsoft.Compute/sshPublicKeys@2022-11-01"
          },
          "sensitive_attributes": [],
          "dependencies": [
            "azurerm_resource_group.rg",
            "random_pet.rg_name",
            "random_pet.ssh_key_name"
          ]
        }
      ]
    },
    {
      "mode": "managed",
      "type": "azapi_resource_action",
      "name": "ssh_public_key_gen",
      "provider": "provider[\"registry.terraform.io/azure/azapi\"]",
      "instances": [
        {
          "schema_version": 1,
          "attributes": {
            "action": "generateKeyPair",
            "body": null,
            "id": "/subscriptions/7d10bde8-0544-4287-931a-3735801d7d07/resourceGroups/rg-beloved-robin/providers/Microsoft.Compute/sshPublicKeys/sshhonestlamb/generateKeyPair",
            "locks": null,
            "method": "POST",
            "output": {
              "value": {
                "privateKey": "-----BEGIN RSA PRIVATE KEY-----\r\nMIIG5AIBAAKCAYEAvkMnj9Lg8Z2OqS2lAVNX/e7fK5bLq3RgwmGqPRS99nqFcscH\r\nTmEPnR3VeH4cT/AE5A4LlXZMISwZ3l3cqQ70lMz8ydbkztfffpUYmag/MM5FEpZz\r\nyqjq3rpK5PTsesJkMX/ovXHamC/B3quLjs/W/LGY7NPPc1ewIJziioK1PbIAEBgX\r\niMYhysV8MbRyZMpFZ2o2yNt9oybxzrVc00LS3Vqb1KBuyONuRkGLpz5YZXCvwcsv\r\nMyqpzORRCONgkMyIgW83lq2GvCi6fSAMwCWlPLK3Vo2sDFSsScASjy87ugVCOpAQ\r\nRoiD+OmDcxZEvnXKLF+NGKww9ENNcvYQxLy4ilWxQ+Wij6xV/7sHv9EYfdYK6ohn\r\n2gz7d4oxmHH+sw0Cqsu47WVlzWK88FPuB+yTcd5/SU6LS/u+CPxMsRMe3ARBwohJ\r\n8ZYHTZrt7n4ge9Uyy+K4IAZWvqBtDwUyKPp9RhXV0bFbXEnD8rD9fh3TlA0LI2++\r\nrAfuC39uljaFgO9pAgMBAAECggGBAJYhJVl+m9LrcUObacVG/3q2/1BE2Ac9eJBJ\r\nQmyaLl8MRLrRw7kcK5bdkLFYSXzmNuXBE3DnfKD8TJlDVTftPh8gNSQLNlbkzkzy\r\n1wuAUARx7t0A7PNwIIyJUUmi3err8uWAOaUq7sMBhCfxEtkotUqF1NajN+Gawrap\r\nNLT4+IxrJVONvxxEwytec2ZBLbbMSMGWdQ4+679OnqVuRIXLB9p0gdvgkCpiE4TK\r\neakJL/UzWuw/KMpmEsBDNJIf4PXA/WP2i0XEal7h7kWEtBLAErsVzF7YFttLL6AF\r\nqtmCaBnVXA/inTkVdGKb2N6/OMwAgvOvFXh+SgLiGTEzQ3sBDGH148ZI32gomods\r\nrH9P4NHQ1E+HWCwAh7m+o9CbVExDTsd/zmwXGCp8UdibbS44LOJUwFICwW1P5af0\r\nvdDWwaEZ6czDpo1b1WkRwSzjXjFRin0NRWhNpZeIocv9rWvI0hWiMEDfuWYpL/Ce\r\nM9bq5YburStiIM9eGsAPUl+oBw2jVQKBwQDxh/fld+2dZ5xiT2UVzY+5P7IOChy+\r\n5fOiiNHUQIGNWYeKmxG6Ngg4N2DJYV6Ra48xjqYmdDjW8IWKtQa4DMKMROJNdq/4\r\nyhdHEbNLTSgo3rqI9txRXby1C0uqkw7vH911czc+s5QB3HuJprMOgAtGhTY5dbh3\r\nNZYON9qoxDc/n+STaddko1WaHfyGq7wWR696I4+eYklSHOwNZhjug9Yh5Z/mWu6I\r\nnne26CrXtzDGo030ctBSbVKhDUiGDw5nJOcCgcEAyajyZSht6+W9aUx/A/NWCUQQ\r\nWB7H8WtSHpabqwzlm60hd2Aj5oARvpsKF1Uwu5hXe7HNjsLnlFDJFsLEG+b6TJt6\r\n9+U/s5xi8r5Uc0QaTYrOOTRmWs5EBUok2Pg0MlyfiKDbZ2lHsNvzP96As9MUNCcC\r\nyEJFFMGgcDf0SNQyZbUOVfAPhxb8lhd+RVwDS9Elcmkfep7y99JfPxkftMbZmn3a\r\nbj7+VuV4LJsX/+K5tCuBzFrTBrwTfzANwv7Ix28vAoHAVrx8UoSJ6T/fEhLu+zBx\r\nz5XHLHGHNyq/HnxB1hZAL/GZ0jWz3QowU3fXoxn7av+UUbinhCGyk8WWP2SZABlc\r\n+CB4oFbiBNcWGuiJWZ5gsKSjmjIElpex/9YJmzzqXQc1cUsp6LN2kGCMYLdjj+59\r\nnhqSiXnz/6NXus1mEbs9F/UkkaetuS9Ku2jPWdFsXxfpNVR16+vh5sIKJxmmFGl1\r\nyYB7tq6rAJbf6OhhEkxwELVudj2RADjQNpPdmn7nrjS7AoHAfj3geMlFfu7Uk43K\r\n2etEigps/O1QF+cqgnGgRAWP29QXZkbuUocMFLm0KIUxO88TvSDC4UNMfAHS0Qfe\r\nguUm/jw7T+LY7RTSsMnLzljs6mwhy5ftF52W4YTX6mf/LSPkz0B7+ZHjymj3L52Y\r\nDnruY/Oj/z/VRTgtuvKcX9dPMXKV5eChp90RBNjyOHNwsM7eVXBPv5Cv48pzy+lr\r\net0dLmTpECkpSbbfc3UoIg2KWar+17Jn9whYYD/x7YdYo9kLAoHBANOJQelHGxPW\r\nQtiNywuxM5a/MPC8Ss6u6AIMbfP3h+x1xy97WPw8/CYcu5+Tmah3TT7TsGg9Syw2\r\neyU4ix5bpe7SxNMwTmiAl6seX3pfx4lIMANNK/mwwcRYRuTDHuzCZ0r4+PRQHunA\r\n6PY/gOpla25QzwRUIrOvO5D0BzJvwWDiOGgNgtzbbSm8cPV3NNny14gBItRSYJ0b\r\nbboF5QIFTm3YZaEY3Uo/xviwdxQGzkZ1xAY1Rxg2iRi6Ki7SHUxAJg==\r\n-----END RSA PRIVATE KEY-----\r\n",
                "publicKey": "ssh-rsa AAAAB3NzaC1yc2EAAAADAQABAAABgQC+QyeP0uDxnY6pLaUBU1f97t8rlsurdGDCYao9FL32eoVyxwdOYQ+dHdV4fhxP8ATkDguVdkwhLBneXdypDvSUzPzJ1uTO199+lRiZqD8wzkUSlnPKqOreukrk9Ox6wmQxf+i9cdqYL8Heq4uOz9b8sZjs089zV7AgnOKKgrU9sgAQGBeIxiHKxXwxtHJkykVnajbI232jJvHOtVzTQtLdWpvUoG7I425GQYunPlhlcK/Byy8zKqnM5FEI42CQzIiBbzeWrYa8KLp9IAzAJaU8srdWjawMVKxJwBKPLzu6BUI6kBBGiIP46YNzFkS+dcosX40YrDD0Q01y9hDEvLiKVbFD5aKPrFX/uwe/0Rh91grqiGfaDPt3ijGYcf6zDQKqy7jtZWXNYrzwU+4H7JNx3n9JTotL+74I/EyxEx7cBEHCiEnxlgdNmu3ufiB71TLL4rggBla+oG0PBTIo+n1GFdXRsVtcScPysP1+HdOUDQsjb76sB+4Lf26WNoWA72k= generated-by-azure"
              },
              "type": [
                "object",
                {
                  "privateKey": "string",
                  "publicKey": "string"
                }
              ]
            },
            "resource_id": "/subscriptions/7d10bde8-0544-4287-931a-3735801d7d07/resourceGroups/rg-beloved-robin/providers/Microsoft.Compute/sshPublicKeys/sshhonestlamb",
            "response_export_values": [
              "publicKey",
              "privateKey"
            ],
            "timeouts": null,
            "type": "Microsoft.Compute/sshPublicKeys@2022-11-01",
            "when": "apply"
          },
          "sensitive_attributes": [],
          "dependencies": [
            "azapi_resource.ssh_public_key",
            "azurerm_resource_group.rg",
            "random_pet.rg_name",
            "random_pet.ssh_key_name"
          ]
        }
      ]
    },
    {
      "mode": "managed",
      "type": "azurerm_resource_group",
      "name": "rg",
      "provider": "provider[\"registry.terraform.io/hashicorp/azurerm\"]",
      "instances": [
        {
          "schema_version": 0,
          "attributes": {
            "id": "/subscriptions/7d10bde8-0544-4287-931a-3735801d7d07/resourceGroups/rg-beloved-robin",
            "location": "westus",
            "managed_by": "",
            "name": "rg-beloved-robin",
            "tags": {},
            "timeouts": null
          },
          "sensitive_attributes": [],
          "private": "eyJlMmJmYjczMC1lY2FhLTExZTYtOGY4OC0zNDM2M2JjN2M0YzAiOnsiY3JlYXRlIjo1NDAwMDAwMDAwMDAwLCJkZWxldGUiOjU0MDAwMDAwMDAwMDAsInJlYWQiOjMwMDAwMDAwMDAwMCwidXBkYXRlIjo1NDAwMDAwMDAwMDAwfX0=",
          "dependencies": [
            "random_pet.rg_name"
          ]
        }
      ]
    },
    {
      "mode": "managed",
      "type": "random_pet",
      "name": "azurerm_kubernetes_cluster_dns_prefix",
      "provider": "provider[\"registry.terraform.io/hashicorp/random\"]",
      "instances": [
        {
          "schema_version": 0,
          "attributes": {
            "id": "dns-accurate-tuna",
            "keepers": null,
            "length": 2,
            "prefix": "dns",
            "separator": "-"
          },
          "sensitive_attributes": []
        }
      ]
    },
    {
      "mode": "managed",
      "type": "random_pet",
      "name": "azurerm_kubernetes_cluster_name",
      "provider": "provider[\"registry.terraform.io/hashicorp/random\"]",
      "instances": [
        {
          "schema_version": 0,
          "attributes": {
            "id": "cluster-relieved-viper",
            "keepers": null,
            "length": 2,
            "prefix": "cluster",
            "separator": "-"
          },
          "sensitive_attributes": []
        }
      ]
    },
    {
      "mode": "managed",
      "type": "random_pet",
      "name": "rg_name",
      "provider": "provider[\"registry.terraform.io/hashicorp/random\"]",
      "instances": [
        {
          "schema_version": 0,
          "attributes": {
            "id": "rg-beloved-robin",
            "keepers": null,
            "length": 2,
            "prefix": "rg",
            "separator": "-"
          },
          "sensitive_attributes": []
        }
      ]
    },
    {
      "mode": "managed",
      "type": "random_pet",
      "name": "ssh_key_name",
      "provider": "provider[\"registry.terraform.io/hashicorp/random\"]",
      "instances": [
        {
          "schema_version": 0,
          "attributes": {
            "id": "sshhonestlamb",
            "keepers": null,
            "length": 2,
            "prefix": "ssh",
            "separator": ""
          },
          "sensitive_attributes": []
        }
      ]
    }
  ],
  "check_results": null
}
